
Microsoft Visual Studio Solution File, Format Version 12.00
# Visual Studio 15
VisualStudioVersion = 15.0.27130.2020
MinimumVisualStudioVersion = 10.0.40219.1
Project("{8BC9CEB8-8B4A-11D0-8D11-00A0C91BC942}") = "DhtSensor", "DhtSensor\DhtSensor.vcxproj", "{77F4F562-ABE2-4737-BD71-AA08B8C6BBAA}"
EndProject
Project("{8BC9CEB8-8B4A-11D0-8D11-00A0C91BC942}") = "Switch1InterruptOTA", "Switch1InterruptOTA\Switch1InterruptOTA.vcxproj", "{C686862F-0816-46DD-BDD6-73C7B1844CB7}"
EndProject
Project("{2150E333-8FDC-42A3-9474-1A3956D46DE8}") = "Utils", "Utils", "{EB004B05-E24F-42EE-876A-02BBCED45E08}"
EndProject
Project("{8BC9CEB8-8B4A-11D0-8D11-00A0C91BC942}") = "I2CScaner", "Utils\I2CScaner\I2CScaner.vcxproj", "{99F2620D-1F78-45A9-8B95-872A8C6F296A}"
EndProject
Project("{2150E333-8FDC-42A3-9474-1A3956D46DE8}") = "Beta", "Beta", "{1B07952C-0DE7-42B0-9DDC-4A46658379CB}"
EndProject
Project("{8BC9CEB8-8B4A-11D0-8D11-00A0C91BC942}") = "Bme280Control", "Beta\Bme280Control\Bme280Control.vcxproj", "{AF01004D-5ECC-4516-B7F0-666DE5D17CF7}"
EndProject
Project("{8BC9CEB8-8B4A-11D0-8D11-00A0C91BC942}") = "DimLedTest", "Beta\DimLedTest\DimLedTest.vcxproj", "{C5F80730-F44F-4478-BDAE-6634EFC2CA88}"
EndProject
Project("{8BC9CEB8-8B4A-11D0-8D11-00A0C91BC942}") = "FanControl", "Beta\FanControl\FanControl.vcxproj", "{0727F7AA-6508-4573-91D2-FF7474D3B18A}"
EndProject
Project("{8BC9CEB8-8B4A-11D0-8D11-00A0C91BC942}") = "Switch1DimmableReceiver", "Beta\Switch1DimmableReceiver\Switch1DimmableReceiver.vcxproj", "{7202DE19-D80C-4A56-936C-9C39644620CA}"
EndProject
Project("{8BC9CEB8-8B4A-11D0-8D11-00A0C91BC942}") = "Switch1DimmableSender", "Beta\Switch1DimmableSender\Switch1DimmableSender.vcxproj", "{881F8406-7FC4-46DB-9F2B-39FA5FDC406D}"
EndProject
Project("{8BC9CEB8-8B4A-11D0-8D11-00A0C91BC942}") = "CheckFlashConfig", "Utils\CheckFlashConfig\CheckFlashConfig.vcxproj", "{65BB4A8D-00FE-4EAF-91F5-537BA1FE65D7}"
EndProject
Project("{8BC9CEB8-8B4A-11D0-8D11-00A0C91BC942}") = "Test", "Beta\Test\Test.vcxproj", "{72A4D9FC-3C73-476D-AF5B-4943B3D68809}"
EndProject
Project("{8BC9CEB8-8B4A-11D0-8D11-00A0C91BC942}") = "LibraryProj", "LibraryProj\LibraryProj.vcxproj", "{4D6DC568-F676-4DE5-93EF-208723DA5177}"
EndProject
Project("{2150E333-8FDC-42A3-9474-1A3956D46DE8}") = "Projects", "Projects", "{AB58CCE2-4926-4144-9587-B7418271612F}"
EndProject
Project("{8BC9CEB8-8B4A-11D0-8D11-00A0C91BC942}") = "KitchenSwitch", "Projects\KitchenSwitch\KitchenSwitch.vcxproj", "{6F2CF001-453C-46C6-A578-CD820B5F4436}"
EndProject
Project("{8BC9CEB8-8B4A-11D0-8D11-00A0C91BC942}") = "HallSwitch", "Projects\HallSwitch\HallSwitch.vcxproj", "{90B289DA-6EA7-4A8C-BC24-8ADDA4694512}"
EndProject
Project("{8BC9CEB8-8B4A-11D0-8D11-00A0C91BC942}") = "KitchenSwitch2", "Projects\KitchenSwitch2\KitchenSwitch2.vcxproj", "{BA579205-D884-47BA-BFCD-4E87B762EBE6}"
EndProject
Project("{8BC9CEB8-8B4A-11D0-8D11-00A0C91BC942}") = "BathroomSwitch", "Projects\BathroomSwitch\BathroomSwitch.vcxproj", "{B7D70162-D6D0-41EC-9E37-A20C3DA3A75F}"
EndProject
Project("{8BC9CEB8-8B4A-11D0-8D11-00A0C91BC942}") = "SwitchNrfSender", "Beta\SwitchNrfSender\SwitchNrfSender.vcxproj", "{8D754655-2595-4E16-8184-6EB994EC9CA9}"
EndProject
Project("{8BC9CEB8-8B4A-11D0-8D11-00A0C91BC942}") = "SketchNrfReceiver", "Beta\SketchNrfReceiver\SketchNrfReceiver.vcxproj", "{3E61A7AC-CAAC-48A0-A618-88F04EB40A02}"
EndProject
Project("{8BC9CEB8-8B4A-11D0-8D11-00A0C91BC942}") = "LivingroomDht", "Projects\LivingroomDht\LivingroomDht.vcxproj", "{3D77443A-4F2A-4762-A452-9519706D5F1C}"
EndProject
Project("{8BC9CEB8-8B4A-11D0-8D11-00A0C91BC942}") = "KitchenAutowatering", "Projects\KitchenAutowatering\KitchenAutowatering.vcxproj", "{08FFEE62-E864-4C14-B396-587649A22E59}"
EndProject
Project("{8BC9CEB8-8B4A-11D0-8D11-00A0C91BC942}") = "KitchenWaterpump", "Beta\KitchenWaterpump\KitchenWaterpump.vcxproj", "{688917F3-A34D-4250-8873-2A3793EA3DB2}"
EndProject
Project("{8BC9CEB8-8B4A-11D0-8D11-00A0C91BC942}") = "NrfEspReceiver", "Beta\NrfEspReceiver\NrfEspReceiver.vcxproj", "{2CD1DC8F-31A6-4337-AB8B-C851CEC0A7FF}"
EndProject
Project("{8BC9CEB8-8B4A-11D0-8D11-00A0C91BC942}") = "NrfTinySender", "Beta\NrfTinySender\NrfTinySender.vcxproj", "{F1D2AEF0-ABE0-445D-A6D9-C089E95C4205}"
EndProject
Project("{8BC9CEB8-8B4A-11D0-8D11-00A0C91BC942}") = "NrfTestSender", "Beta\NrfTestSender\NrfTestSender.vcxproj", "{33624323-2CF1-49E3-881B-1E3EE755EA69}"
EndProject
Project("{8BC9CEB8-8B4A-11D0-8D11-00A0C91BC942}") = "NrfTestReceiver", "Beta\NrfTestReceiver\NrfTestReceiver.vcxproj", "{71C3F85A-D2D1-49B3-B3B8-406BC344A3C2}"
EndProject
Project("{8BC9CEB8-8B4A-11D0-8D11-00A0C91BC942}") = "Test2", "Beta\Test2\Test2.vcxproj", "{215F8ECE-0DA7-4A83-BC3D-A8FBEF592A27}"
EndProject
Global
	GlobalSection(SolutionConfigurationPlatforms) = preSolution
		Debug|x64 = Debug|x64
		Debug|x86 = Debug|x86
		Release|x64 = Release|x64
		Release|x86 = Release|x86
	EndGlobalSection
	GlobalSection(ProjectConfigurationPlatforms) = postSolution
		{77F4F562-ABE2-4737-BD71-AA08B8C6BBAA}.Debug|x64.ActiveCfg = Debug|Win32
		{77F4F562-ABE2-4737-BD71-AA08B8C6BBAA}.Debug|x86.ActiveCfg = Debug|Win32
		{77F4F562-ABE2-4737-BD71-AA08B8C6BBAA}.Debug|x86.Build.0 = Debug|Win32
		{77F4F562-ABE2-4737-BD71-AA08B8C6BBAA}.Release|x64.ActiveCfg = Release|Win32
		{77F4F562-ABE2-4737-BD71-AA08B8C6BBAA}.Release|x86.ActiveCfg = Release|Win32
		{77F4F562-ABE2-4737-BD71-AA08B8C6BBAA}.Release|x86.Build.0 = Release|Win32
		{C686862F-0816-46DD-BDD6-73C7B1844CB7}.Debug|x64.ActiveCfg = Debug|Win32
		{C686862F-0816-46DD-BDD6-73C7B1844CB7}.Debug|x86.ActiveCfg = Debug|Win32
		{C686862F-0816-46DD-BDD6-73C7B1844CB7}.Debug|x86.Build.0 = Debug|Win32
		{C686862F-0816-46DD-BDD6-73C7B1844CB7}.Release|x64.ActiveCfg = Release|Win32
		{C686862F-0816-46DD-BDD6-73C7B1844CB7}.Release|x86.ActiveCfg = Release|Win32
		{C686862F-0816-46DD-BDD6-73C7B1844CB7}.Release|x86.Build.0 = Release|Win32
		{99F2620D-1F78-45A9-8B95-872A8C6F296A}.Debug|x64.ActiveCfg = Debug|Win32
		{99F2620D-1F78-45A9-8B95-872A8C6F296A}.Debug|x86.ActiveCfg = Debug|Win32
		{99F2620D-1F78-45A9-8B95-872A8C6F296A}.Debug|x86.Build.0 = Debug|Win32
		{99F2620D-1F78-45A9-8B95-872A8C6F296A}.Release|x64.ActiveCfg = Release|Win32
		{99F2620D-1F78-45A9-8B95-872A8C6F296A}.Release|x86.ActiveCfg = Release|Win32
		{99F2620D-1F78-45A9-8B95-872A8C6F296A}.Release|x86.Build.0 = Release|Win32
		{AF01004D-5ECC-4516-B7F0-666DE5D17CF7}.Debug|x64.ActiveCfg = Debug|Win32
		{AF01004D-5ECC-4516-B7F0-666DE5D17CF7}.Debug|x86.ActiveCfg = Debug|Win32
		{AF01004D-5ECC-4516-B7F0-666DE5D17CF7}.Debug|x86.Build.0 = Debug|Win32
		{AF01004D-5ECC-4516-B7F0-666DE5D17CF7}.Release|x64.ActiveCfg = Release|Win32
		{AF01004D-5ECC-4516-B7F0-666DE5D17CF7}.Release|x86.ActiveCfg = Release|Win32
		{AF01004D-5ECC-4516-B7F0-666DE5D17CF7}.Release|x86.Build.0 = Release|Win32
		{C5F80730-F44F-4478-BDAE-6634EFC2CA88}.Debug|x64.ActiveCfg = Debug|Win32
		{C5F80730-F44F-4478-BDAE-6634EFC2CA88}.Debug|x86.ActiveCfg = Debug|Win32
		{C5F80730-F44F-4478-BDAE-6634EFC2CA88}.Debug|x86.Build.0 = Debug|Win32
		{C5F80730-F44F-4478-BDAE-6634EFC2CA88}.Release|x64.ActiveCfg = Release|Win32
		{C5F80730-F44F-4478-BDAE-6634EFC2CA88}.Release|x86.ActiveCfg = Release|Win32
		{C5F80730-F44F-4478-BDAE-6634EFC2CA88}.Release|x86.Build.0 = Release|Win32
		{0727F7AA-6508-4573-91D2-FF7474D3B18A}.Debug|x64.ActiveCfg = Debug|Win32
		{0727F7AA-6508-4573-91D2-FF7474D3B18A}.Debug|x86.ActiveCfg = Debug|Win32
		{0727F7AA-6508-4573-91D2-FF7474D3B18A}.Debug|x86.Build.0 = Debug|Win32
		{0727F7AA-6508-4573-91D2-FF7474D3B18A}.Release|x64.ActiveCfg = Release|Win32
		{0727F7AA-6508-4573-91D2-FF7474D3B18A}.Release|x86.ActiveCfg = Release|Win32
		{0727F7AA-6508-4573-91D2-FF7474D3B18A}.Release|x86.Build.0 = Release|Win32
		{7202DE19-D80C-4A56-936C-9C39644620CA}.Debug|x64.ActiveCfg = Debug|Win32
		{7202DE19-D80C-4A56-936C-9C39644620CA}.Debug|x86.ActiveCfg = Debug|Win32
		{7202DE19-D80C-4A56-936C-9C39644620CA}.Debug|x86.Build.0 = Debug|Win32
		{7202DE19-D80C-4A56-936C-9C39644620CA}.Release|x64.ActiveCfg = Release|Win32
		{7202DE19-D80C-4A56-936C-9C39644620CA}.Release|x86.ActiveCfg = Release|Win32
		{7202DE19-D80C-4A56-936C-9C39644620CA}.Release|x86.Build.0 = Release|Win32
		{881F8406-7FC4-46DB-9F2B-39FA5FDC406D}.Debug|x64.ActiveCfg = Debug|Win32
		{881F8406-7FC4-46DB-9F2B-39FA5FDC406D}.Debug|x86.ActiveCfg = Debug|Win32
		{881F8406-7FC4-46DB-9F2B-39FA5FDC406D}.Debug|x86.Build.0 = Debug|Win32
		{881F8406-7FC4-46DB-9F2B-39FA5FDC406D}.Release|x64.ActiveCfg = Release|Win32
		{881F8406-7FC4-46DB-9F2B-39FA5FDC406D}.Release|x86.ActiveCfg = Release|Win32
		{881F8406-7FC4-46DB-9F2B-39FA5FDC406D}.Release|x86.Build.0 = Release|Win32
		{65BB4A8D-00FE-4EAF-91F5-537BA1FE65D7}.Debug|x64.ActiveCfg = Debug|Win32
		{65BB4A8D-00FE-4EAF-91F5-537BA1FE65D7}.Debug|x86.ActiveCfg = Debug|Win32
		{65BB4A8D-00FE-4EAF-91F5-537BA1FE65D7}.Debug|x86.Build.0 = Debug|Win32
		{65BB4A8D-00FE-4EAF-91F5-537BA1FE65D7}.Release|x64.ActiveCfg = Release|Win32
		{65BB4A8D-00FE-4EAF-91F5-537BA1FE65D7}.Release|x86.ActiveCfg = Release|Win32
		{65BB4A8D-00FE-4EAF-91F5-537BA1FE65D7}.Release|x86.Build.0 = Release|Win32
		{72A4D9FC-3C73-476D-AF5B-4943B3D68809}.Debug|x64.ActiveCfg = Debug|Win32
		{72A4D9FC-3C73-476D-AF5B-4943B3D68809}.Debug|x86.ActiveCfg = Debug|Win32
		{72A4D9FC-3C73-476D-AF5B-4943B3D68809}.Debug|x86.Build.0 = Debug|Win32
		{72A4D9FC-3C73-476D-AF5B-4943B3D68809}.Release|x64.ActiveCfg = Release|Win32
		{72A4D9FC-3C73-476D-AF5B-4943B3D68809}.Release|x86.ActiveCfg = Release|Win32
		{72A4D9FC-3C73-476D-AF5B-4943B3D68809}.Release|x86.Build.0 = Release|Win32
		{4D6DC568-F676-4DE5-93EF-208723DA5177}.Debug|x64.ActiveCfg = Debug|Win32
		{4D6DC568-F676-4DE5-93EF-208723DA5177}.Debug|x86.ActiveCfg = Debug|Win32
		{4D6DC568-F676-4DE5-93EF-208723DA5177}.Debug|x86.Build.0 = Debug|Win32
		{4D6DC568-F676-4DE5-93EF-208723DA5177}.Release|x64.ActiveCfg = Release|Win32
		{4D6DC568-F676-4DE5-93EF-208723DA5177}.Release|x86.ActiveCfg = Release|Win32
		{4D6DC568-F676-4DE5-93EF-208723DA5177}.Release|x86.Build.0 = Release|Win32
		{6F2CF001-453C-46C6-A578-CD820B5F4436}.Debug|x64.ActiveCfg = Debug|Win32
		{6F2CF001-453C-46C6-A578-CD820B5F4436}.Debug|x86.ActiveCfg = Debug|Win32
		{6F2CF001-453C-46C6-A578-CD820B5F4436}.Debug|x86.Build.0 = Debug|Win32
		{6F2CF001-453C-46C6-A578-CD820B5F4436}.Release|x64.ActiveCfg = Release|Win32
		{6F2CF001-453C-46C6-A578-CD820B5F4436}.Release|x86.ActiveCfg = Release|Win32
		{6F2CF001-453C-46C6-A578-CD820B5F4436}.Release|x86.Build.0 = Release|Win32
		{90B289DA-6EA7-4A8C-BC24-8ADDA4694512}.Debug|x64.ActiveCfg = Debug|Win32
		{90B289DA-6EA7-4A8C-BC24-8ADDA4694512}.Debug|x86.ActiveCfg = Debug|Win32
		{90B289DA-6EA7-4A8C-BC24-8ADDA4694512}.Debug|x86.Build.0 = Debug|Win32
		{90B289DA-6EA7-4A8C-BC24-8ADDA4694512}.Release|x64.ActiveCfg = Release|Win32
		{90B289DA-6EA7-4A8C-BC24-8ADDA4694512}.Release|x86.ActiveCfg = Release|Win32
		{90B289DA-6EA7-4A8C-BC24-8ADDA4694512}.Release|x86.Build.0 = Release|Win32
		{BA579205-D884-47BA-BFCD-4E87B762EBE6}.Debug|x64.ActiveCfg = Debug|Win32
		{BA579205-D884-47BA-BFCD-4E87B762EBE6}.Debug|x86.ActiveCfg = Debug|Win32
		{BA579205-D884-47BA-BFCD-4E87B762EBE6}.Debug|x86.Build.0 = Debug|Win32
		{BA579205-D884-47BA-BFCD-4E87B762EBE6}.Release|x64.ActiveCfg = Release|Win32
		{BA579205-D884-47BA-BFCD-4E87B762EBE6}.Release|x86.ActiveCfg = Release|Win32
		{BA579205-D884-47BA-BFCD-4E87B762EBE6}.Release|x86.Build.0 = Release|Win32
		{B7D70162-D6D0-41EC-9E37-A20C3DA3A75F}.Debug|x64.ActiveCfg = Debug|Win32
		{B7D70162-D6D0-41EC-9E37-A20C3DA3A75F}.Debug|x86.ActiveCfg = Debug|Win32
		{B7D70162-D6D0-41EC-9E37-A20C3DA3A75F}.Debug|x86.Build.0 = Debug|Win32
		{B7D70162-D6D0-41EC-9E37-A20C3DA3A75F}.Release|x64.ActiveCfg = Release|Win32
		{B7D70162-D6D0-41EC-9E37-A20C3DA3A75F}.Release|x86.ActiveCfg = Release|Win32
		{B7D70162-D6D0-41EC-9E37-A20C3DA3A75F}.Release|x86.Build.0 = Release|Win32
		{8D754655-2595-4E16-8184-6EB994EC9CA9}.Debug|x64.ActiveCfg = Debug|Win32
		{8D754655-2595-4E16-8184-6EB994EC9CA9}.Debug|x86.ActiveCfg = Debug|Win32
		{8D754655-2595-4E16-8184-6EB994EC9CA9}.Debug|x86.Build.0 = Debug|Win32
		{8D754655-2595-4E16-8184-6EB994EC9CA9}.Release|x64.ActiveCfg = Release|Win32
		{8D754655-2595-4E16-8184-6EB994EC9CA9}.Release|x86.ActiveCfg = Release|Win32
		{8D754655-2595-4E16-8184-6EB994EC9CA9}.Release|x86.Build.0 = Release|Win32
		{3E61A7AC-CAAC-48A0-A618-88F04EB40A02}.Debug|x64.ActiveCfg = Debug|Win32
		{3E61A7AC-CAAC-48A0-A618-88F04EB40A02}.Debug|x86.ActiveCfg = Debug|Win32
		{3E61A7AC-CAAC-48A0-A618-88F04EB40A02}.Debug|x86.Build.0 = Debug|Win32
		{3E61A7AC-CAAC-48A0-A618-88F04EB40A02}.Release|x64.ActiveCfg = Release|Win32
		{3E61A7AC-CAAC-48A0-A618-88F04EB40A02}.Release|x86.ActiveCfg = Release|Win32
		{3E61A7AC-CAAC-48A0-A618-88F04EB40A02}.Release|x86.Build.0 = Release|Win32
		{3D77443A-4F2A-4762-A452-9519706D5F1C}.Debug|x64.ActiveCfg = Debug|Win32
		{3D77443A-4F2A-4762-A452-9519706D5F1C}.Debug|x86.ActiveCfg = Debug|Win32
		{3D77443A-4F2A-4762-A452-9519706D5F1C}.Debug|x86.Build.0 = Debug|Win32
		{3D77443A-4F2A-4762-A452-9519706D5F1C}.Release|x64.ActiveCfg = Release|Win32
		{3D77443A-4F2A-4762-A452-9519706D5F1C}.Release|x86.ActiveCfg = Release|Win32
		{3D77443A-4F2A-4762-A452-9519706D5F1C}.Release|x86.Build.0 = Release|Win32
		{08FFEE62-E864-4C14-B396-587649A22E59}.Debug|x64.ActiveCfg = Debug|Win32
		{08FFEE62-E864-4C14-B396-587649A22E59}.Debug|x86.ActiveCfg = Debug|Win32
		{08FFEE62-E864-4C14-B396-587649A22E59}.Debug|x86.Build.0 = Debug|Win32
		{08FFEE62-E864-4C14-B396-587649A22E59}.Release|x64.ActiveCfg = Release|Win32
		{08FFEE62-E864-4C14-B396-587649A22E59}.Release|x86.ActiveCfg = Release|Win32
		{08FFEE62-E864-4C14-B396-587649A22E59}.Release|x86.Build.0 = Release|Win32
		{688917F3-A34D-4250-8873-2A3793EA3DB2}.Debug|x64.ActiveCfg = Debug|Win32
		{688917F3-A34D-4250-8873-2A3793EA3DB2}.Debug|x86.ActiveCfg = Debug|Win32
		{688917F3-A34D-4250-8873-2A3793EA3DB2}.Debug|x86.Build.0 = Debug|Win32
		{688917F3-A34D-4250-8873-2A3793EA3DB2}.Release|x64.ActiveCfg = Release|Win32
		{688917F3-A34D-4250-8873-2A3793EA3DB2}.Release|x86.ActiveCfg = Release|Win32
		{688917F3-A34D-4250-8873-2A3793EA3DB2}.Release|x86.Build.0 = Release|Win32
		{2CD1DC8F-31A6-4337-AB8B-C851CEC0A7FF}.Debug|x64.ActiveCfg = Debug|Win32
		{2CD1DC8F-31A6-4337-AB8B-C851CEC0A7FF}.Debug|x86.ActiveCfg = Debug|Win32
		{2CD1DC8F-31A6-4337-AB8B-C851CEC0A7FF}.Debug|x86.Build.0 = Debug|Win32
		{2CD1DC8F-31A6-4337-AB8B-C851CEC0A7FF}.Release|x64.ActiveCfg = Release|Win32
		{2CD1DC8F-31A6-4337-AB8B-C851CEC0A7FF}.Release|x86.ActiveCfg = Release|Win32
		{2CD1DC8F-31A6-4337-AB8B-C851CEC0A7FF}.Release|x86.Build.0 = Release|Win32
		{F1D2AEF0-ABE0-445D-A6D9-C089E95C4205}.Debug|x64.ActiveCfg = Debug|Win32
		{F1D2AEF0-ABE0-445D-A6D9-C089E95C4205}.Debug|x86.ActiveCfg = Debug|Win32
		{F1D2AEF0-ABE0-445D-A6D9-C089E95C4205}.Debug|x86.Build.0 = Debug|Win32
		{F1D2AEF0-ABE0-445D-A6D9-C089E95C4205}.Release|x64.ActiveCfg = Release|Win32
		{F1D2AEF0-ABE0-445D-A6D9-C089E95C4205}.Release|x86.ActiveCfg = Release|Win32
		{F1D2AEF0-ABE0-445D-A6D9-C089E95C4205}.Release|x86.Build.0 = Release|Win32
		{33624323-2CF1-49E3-881B-1E3EE755EA69}.Debug|x64.ActiveCfg = Debug|Win32
		{33624323-2CF1-49E3-881B-1E3EE755EA69}.Debug|x86.ActiveCfg = Debug|Win32
		{33624323-2CF1-49E3-881B-1E3EE755EA69}.Debug|x86.Build.0 = Debug|Win32
		{33624323-2CF1-49E3-881B-1E3EE755EA69}.Release|x64.ActiveCfg = Release|Win32
		{33624323-2CF1-49E3-881B-1E3EE755EA69}.Release|x86.ActiveCfg = Release|Win32
		{33624323-2CF1-49E3-881B-1E3EE755EA69}.Release|x86.Build.0 = Release|Win32
		{71C3F85A-D2D1-49B3-B3B8-406BC344A3C2}.Debug|x64.ActiveCfg = Debug|Win32
		{71C3F85A-D2D1-49B3-B3B8-406BC344A3C2}.Debug|x86.ActiveCfg = Debug|Win32
		{71C3F85A-D2D1-49B3-B3B8-406BC344A3C2}.Debug|x86.Build.0 = Debug|Win32
		{71C3F85A-D2D1-49B3-B3B8-406BC344A3C2}.Release|x64.ActiveCfg = Release|Win32
		{71C3F85A-D2D1-49B3-B3B8-406BC344A3C2}.Release|x86.ActiveCfg = Release|Win32
		{71C3F85A-D2D1-49B3-B3B8-406BC344A3C2}.Release|x86.Build.0 = Release|Win32
		{215F8ECE-0DA7-4A83-BC3D-A8FBEF592A27}.Debug|x64.ActiveCfg = Debug|Win32
		{215F8ECE-0DA7-4A83-BC3D-A8FBEF592A27}.Debug|x86.ActiveCfg = Debug|Win32
		{215F8ECE-0DA7-4A83-BC3D-A8FBEF592A27}.Debug|x86.Build.0 = Debug|Win32
		{215F8ECE-0DA7-4A83-BC3D-A8FBEF592A27}.Release|x64.ActiveCfg = Release|Win32
		{215F8ECE-0DA7-4A83-BC3D-A8FBEF592A27}.Release|x86.ActiveCfg = Release|Win32
		{215F8ECE-0DA7-4A83-BC3D-A8FBEF592A27}.Release|x86.Build.0 = Release|Win32
	EndGlobalSection
	GlobalSection(SolutionProperties) = preSolution
		HideSolutionNode = FALSE
	EndGlobalSection
	GlobalSection(NestedProjects) = preSolution
		{99F2620D-1F78-45A9-8B95-872A8C6F296A} = {EB004B05-E24F-42EE-876A-02BBCED45E08}
		{AF01004D-5ECC-4516-B7F0-666DE5D17CF7} = {1B07952C-0DE7-42B0-9DDC-4A46658379CB}
		{C5F80730-F44F-4478-BDAE-6634EFC2CA88} = {1B07952C-0DE7-42B0-9DDC-4A46658379CB}
		{0727F7AA-6508-4573-91D2-FF7474D3B18A} = {1B07952C-0DE7-42B0-9DDC-4A46658379CB}
		{7202DE19-D80C-4A56-936C-9C39644620CA} = {1B07952C-0DE7-42B0-9DDC-4A46658379CB}
		{881F8406-7FC4-46DB-9F2B-39FA5FDC406D} = {1B07952C-0DE7-42B0-9DDC-4A46658379CB}
		{65BB4A8D-00FE-4EAF-91F5-537BA1FE65D7} = {EB004B05-E24F-42EE-876A-02BBCED45E08}
		{72A4D9FC-3C73-476D-AF5B-4943B3D68809} = {1B07952C-0DE7-42B0-9DDC-4A46658379CB}
		{6F2CF001-453C-46C6-A578-CD820B5F4436} = {AB58CCE2-4926-4144-9587-B7418271612F}
		{90B289DA-6EA7-4A8C-BC24-8ADDA4694512} = {AB58CCE2-4926-4144-9587-B7418271612F}
		{BA579205-D884-47BA-BFCD-4E87B762EBE6} = {AB58CCE2-4926-4144-9587-B7418271612F}
		{B7D70162-D6D0-41EC-9E37-A20C3DA3A75F} = {AB58CCE2-4926-4144-9587-B7418271612F}
		{8D754655-2595-4E16-8184-6EB994EC9CA9} = {1B07952C-0DE7-42B0-9DDC-4A46658379CB}
		{3E61A7AC-CAAC-48A0-A618-88F04EB40A02} = {1B07952C-0DE7-42B0-9DDC-4A46658379CB}
		{3D77443A-4F2A-4762-A452-9519706D5F1C} = {AB58CCE2-4926-4144-9587-B7418271612F}
		{08FFEE62-E864-4C14-B396-587649A22E59} = {AB58CCE2-4926-4144-9587-B7418271612F}
		{688917F3-A34D-4250-8873-2A3793EA3DB2} = {1B07952C-0DE7-42B0-9DDC-4A46658379CB}
		{2CD1DC8F-31A6-4337-AB8B-C851CEC0A7FF} = {1B07952C-0DE7-42B0-9DDC-4A46658379CB}
		{F1D2AEF0-ABE0-445D-A6D9-C089E95C4205} = {1B07952C-0DE7-42B0-9DDC-4A46658379CB}
		{33624323-2CF1-49E3-881B-1E3EE755EA69} = {1B07952C-0DE7-42B0-9DDC-4A46658379CB}
		{71C3F85A-D2D1-49B3-B3B8-406BC344A3C2} = {1B07952C-0DE7-42B0-9DDC-4A46658379CB}
		{215F8ECE-0DA7-4A83-BC3D-A8FBEF592A27} = {1B07952C-0DE7-42B0-9DDC-4A46658379CB}
	EndGlobalSection
	GlobalSection(ExtensibilityGlobals) = postSolution
		SolutionGuid = {468C05DC-5AC8-4B78-975B-2222D3CC8AE4}
	EndGlobalSection
EndGlobal
